
Microsoft Visual Studio Solution File, Format Version 12.00
# Visual Studio Version 17
VisualStudioVersion = 17.5.33530.505
MinimumVisualStudioVersion = 10.0.40219.1
Project("{FAE04EC0-301F-11D3-BF4B-00C04F79EFBC}") = "algo2", "algo2.csproj", "{A1F8BFC1-6BDE-4E3A-AB1A-57E4B17BB5EA}"
EndProject
Global
	GlobalSection(SolutionConfigurationPlatforms) = preSolution
		Debug|Any CPU = Debug|Any CPU
		Release|Any CPU = Release|Any CPU
	EndGlobalSection
	GlobalSection(ProjectConfigurationPlatforms) = postSolution
		{A1F8BFC1-6BDE-4E3A-AB1A-57E4B17BB5EA}.Debug|Any CPU.ActiveCfg = Debug|Any CPU
		{A1F8BFC1-6BDE-4E3A-AB1A-57E4B17BB5EA}.Debug|Any CPU.Build.0 = Debug|Any CPU
		{A1F8BFC1-6BDE-4E3A-AB1A-57E4B17BB5EA}.Release|Any CPU.ActiveCfg = Release|Any CPU
		{A1F8BFC1-6BDE-4E3A-AB1A-57E4B17BB5EA}.Release|Any CPU.Build.0 = Release|Any CPU
	EndGlobalSection
	GlobalSection(SolutionProperties) = preSolution
		HideSolutionNode = FALSE
	EndGlobalSection
	GlobalSection(ExtensibilityGlobals) = postSolution
		SolutionGuid = {91C5F3F6-AF8D-42CE-B382-00DF50D476E4}
	EndGlobalSection
EndGlobal
